
Microsoft Visual Studio Solution File, Format Version 12.00
# Visual Studio 14
VisualStudioVersion = 14.0.25420.1
MinimumVisualStudioVersion = 10.0.40219.1
Project("{FAE04EC0-301F-11D3-BF4B-00C04F79EFBC}") = "RemoteLightControl", "RemoteLightControl\RemoteLightControl.csproj", "{1744C9D2-448D-4B16-9E2D-E71D39F952C3}"
EndProject
Project("{FAE04EC0-301F-11D3-BF4B-00C04F79EFBC}") = "IoTHubReader", "IoTHubReader\IoTHubReader.csproj", "{E3BD9812-49E5-4B6B-B004-F09EBC2C769E}"
EndProject
Global
	GlobalSection(SolutionConfigurationPlatforms) = preSolution
		Debug|Any CPU = Debug|Any CPU
		Release|Any CPU = Release|Any CPU
	EndGlobalSection
	GlobalSection(ProjectConfigurationPlatforms) = postSolution
		{1744C9D2-448D-4B16-9E2D-E71D39F952C3}.Debug|Any CPU.ActiveCfg = Debug|Any CPU
		{1744C9D2-448D-4B16-9E2D-E71D39F952C3}.Debug|Any CPU.Build.0 = Debug|Any CPU
		{1744C9D2-448D-4B16-9E2D-E71D39F952C3}.Release|Any CPU.ActiveCfg = Release|Any CPU
		{1744C9D2-448D-4B16-9E2D-E71D39F952C3}.Release|Any CPU.Build.0 = Release|Any CPU
		{E3BD9812-49E5-4B6B-B004-F09EBC2C769E}.Debug|Any CPU.ActiveCfg = Debug|Any CPU
		{E3BD9812-49E5-4B6B-B004-F09EBC2C769E}.Debug|Any CPU.Build.0 = Debug|Any CPU
		{E3BD9812-49E5-4B6B-B004-F09EBC2C769E}.Release|Any CPU.ActiveCfg = Release|Any CPU
		{E3BD9812-49E5-4B6B-B004-F09EBC2C769E}.Release|Any CPU.Build.0 = Release|Any CPU
	EndGlobalSection
	GlobalSection(SolutionProperties) = preSolution
		HideSolutionNode = FALSE
	EndGlobalSection
EndGlobal
